
Microsoft Visual Studio Solution File, Format Version 12.00
# Visual Studio Version 16
VisualStudioVersion = 16.0.31019.35
MinimumVisualStudioVersion = 10.0.40219.1
Project("{FAE04EC0-301F-11D3-BF4B-00C04F79EFBC}") = "ObserverPattern-app", "ObserverPattern-app\ObserverPattern-app.csproj", "{7946765B-E1BC-4B38-9BE0-C0DAFF60AA17}"
EndProject
Global
	GlobalSection(SolutionConfigurationPlatforms) = preSolution
		Debug|Any CPU = Debug|Any CPU
		Release|Any CPU = Release|Any CPU
	EndGlobalSection
	GlobalSection(ProjectConfigurationPlatforms) = postSolution
		{7946765B-E1BC-4B38-9BE0-C0DAFF60AA17}.Debug|Any CPU.ActiveCfg = Debug|Any CPU
		{7946765B-E1BC-4B38-9BE0-C0DAFF60AA17}.Debug|Any CPU.Build.0 = Debug|Any CPU
		{7946765B-E1BC-4B38-9BE0-C0DAFF60AA17}.Release|Any CPU.ActiveCfg = Release|Any CPU
		{7946765B-E1BC-4B38-9BE0-C0DAFF60AA17}.Release|Any CPU.Build.0 = Release|Any CPU
	EndGlobalSection
	GlobalSection(SolutionProperties) = preSolution
		HideSolutionNode = FALSE
	EndGlobalSection
	GlobalSection(ExtensibilityGlobals) = postSolution
		SolutionGuid = {CDC9D3F3-87F9-480E-AA4B-410141AC26B6}
	EndGlobalSection
EndGlobal
