
Microsoft Visual Studio Solution File, Format Version 12.00
# Visual Studio Version 16
VisualStudioVersion = 16.0.31025.194
MinimumVisualStudioVersion = 10.0.40219.1
Project("{FAE04EC0-301F-11D3-BF4B-00C04F79EFBC}") = "Event-app", "Event-app\Event-app.csproj", "{26D5B716-30A8-4BAA-8020-059E15FE69A1}"
EndProject
Global
	GlobalSection(SolutionConfigurationPlatforms) = preSolution
		Debug|Any CPU = Debug|Any CPU
		Release|Any CPU = Release|Any CPU
	EndGlobalSection
	GlobalSection(ProjectConfigurationPlatforms) = postSolution
		{26D5B716-30A8-4BAA-8020-059E15FE69A1}.Debug|Any CPU.ActiveCfg = Debug|Any CPU
		{26D5B716-30A8-4BAA-8020-059E15FE69A1}.Debug|Any CPU.Build.0 = Debug|Any CPU
		{26D5B716-30A8-4BAA-8020-059E15FE69A1}.Release|Any CPU.ActiveCfg = Release|Any CPU
		{26D5B716-30A8-4BAA-8020-059E15FE69A1}.Release|Any CPU.Build.0 = Release|Any CPU
	EndGlobalSection
	GlobalSection(SolutionProperties) = preSolution
		HideSolutionNode = FALSE
	EndGlobalSection
	GlobalSection(ExtensibilityGlobals) = postSolution
		SolutionGuid = {5D355137-8C67-4EDE-976C-48D101E717CD}
	EndGlobalSection
EndGlobal
