
Microsoft Visual Studio Solution File, Format Version 12.00
# Visual Studio Version 16
VisualStudioVersion = 16.0.31105.61
MinimumVisualStudioVersion = 10.0.40219.1
Project("{FAE04EC0-301F-11D3-BF4B-00C04F79EFBC}") = "ParseCSV-app", "ParseCSV-app\ParseCSV-app.csproj", "{DE13E5F1-46B9-41A8-A2C7-39D5FDB7B105}"
EndProject
Global
	GlobalSection(SolutionConfigurationPlatforms) = preSolution
		Debug|Any CPU = Debug|Any CPU
		Release|Any CPU = Release|Any CPU
	EndGlobalSection
	GlobalSection(ProjectConfigurationPlatforms) = postSolution
		{DE13E5F1-46B9-41A8-A2C7-39D5FDB7B105}.Debug|Any CPU.ActiveCfg = Debug|Any CPU
		{DE13E5F1-46B9-41A8-A2C7-39D5FDB7B105}.Debug|Any CPU.Build.0 = Debug|Any CPU
		{DE13E5F1-46B9-41A8-A2C7-39D5FDB7B105}.Release|Any CPU.ActiveCfg = Release|Any CPU
		{DE13E5F1-46B9-41A8-A2C7-39D5FDB7B105}.Release|Any CPU.Build.0 = Release|Any CPU
	EndGlobalSection
	GlobalSection(SolutionProperties) = preSolution
		HideSolutionNode = FALSE
	EndGlobalSection
	GlobalSection(ExtensibilityGlobals) = postSolution
		SolutionGuid = {99A50081-541B-476E-B254-F69B0167B826}
	EndGlobalSection
EndGlobal
