
Microsoft Visual Studio Solution File, Format Version 12.00
# Visual Studio Version 16
VisualStudioVersion = 16.0.31005.135
MinimumVisualStudioVersion = 10.0.40219.1
Project("{FAE04EC0-301F-11D3-BF4B-00C04F79EFBC}") = "SRP_violation_app", "SRP_violation_app\SRP_violation_app.csproj", "{680022E5-D4F3-415B-9969-4701DEBBB32E}"
EndProject
Global
	GlobalSection(SolutionConfigurationPlatforms) = preSolution
		Debug|Any CPU = Debug|Any CPU
		Release|Any CPU = Release|Any CPU
	EndGlobalSection
	GlobalSection(ProjectConfigurationPlatforms) = postSolution
		{680022E5-D4F3-415B-9969-4701DEBBB32E}.Debug|Any CPU.ActiveCfg = Debug|Any CPU
		{680022E5-D4F3-415B-9969-4701DEBBB32E}.Debug|Any CPU.Build.0 = Debug|Any CPU
		{680022E5-D4F3-415B-9969-4701DEBBB32E}.Release|Any CPU.ActiveCfg = Release|Any CPU
		{680022E5-D4F3-415B-9969-4701DEBBB32E}.Release|Any CPU.Build.0 = Release|Any CPU
	EndGlobalSection
	GlobalSection(SolutionProperties) = preSolution
		HideSolutionNode = FALSE
	EndGlobalSection
	GlobalSection(ExtensibilityGlobals) = postSolution
		SolutionGuid = {E6641CAE-E501-4FAE-A2A4-EAB4A33EC70D}
	EndGlobalSection
EndGlobal
