
Microsoft Visual Studio Solution File, Format Version 12.00
# Visual Studio Version 16
VisualStudioVersion = 16.0.30907.101
MinimumVisualStudioVersion = 10.0.40219.1
Project("{FAE04EC0-301F-11D3-BF4B-00C04F79EFBC}") = "welcome", "welcome\welcome.csproj", "{0F05A035-208F-44F8-B818-15EED774DB34}"
EndProject
Global
	GlobalSection(SolutionConfigurationPlatforms) = preSolution
		Debug|Any CPU = Debug|Any CPU
		Release|Any CPU = Release|Any CPU
	EndGlobalSection
	GlobalSection(ProjectConfigurationPlatforms) = postSolution
		{0F05A035-208F-44F8-B818-15EED774DB34}.Debug|Any CPU.ActiveCfg = Debug|Any CPU
		{0F05A035-208F-44F8-B818-15EED774DB34}.Debug|Any CPU.Build.0 = Debug|Any CPU
		{0F05A035-208F-44F8-B818-15EED774DB34}.Release|Any CPU.ActiveCfg = Release|Any CPU
		{0F05A035-208F-44F8-B818-15EED774DB34}.Release|Any CPU.Build.0 = Release|Any CPU
	EndGlobalSection
	GlobalSection(SolutionProperties) = preSolution
		HideSolutionNode = FALSE
	EndGlobalSection
	GlobalSection(ExtensibilityGlobals) = postSolution
		SolutionGuid = {DB807C84-6D31-4837-B667-711275133E72}
	EndGlobalSection
EndGlobal
