
Microsoft Visual Studio Solution File, Format Version 12.00
# Visual Studio Version 16
VisualStudioVersion = 16.0.30907.101
MinimumVisualStudioVersion = 10.0.40219.1
Project("{FAE04EC0-301F-11D3-BF4B-00C04F79EFBC}") = "Exception-app", "Exception-app\Exception-app.csproj", "{F48D1A71-4ABC-4A1F-857B-D0C6D4FF51DA}"
EndProject
Global
	GlobalSection(SolutionConfigurationPlatforms) = preSolution
		Debug|Any CPU = Debug|Any CPU
		Release|Any CPU = Release|Any CPU
	EndGlobalSection
	GlobalSection(ProjectConfigurationPlatforms) = postSolution
		{F48D1A71-4ABC-4A1F-857B-D0C6D4FF51DA}.Debug|Any CPU.ActiveCfg = Debug|Any CPU
		{F48D1A71-4ABC-4A1F-857B-D0C6D4FF51DA}.Debug|Any CPU.Build.0 = Debug|Any CPU
		{F48D1A71-4ABC-4A1F-857B-D0C6D4FF51DA}.Release|Any CPU.ActiveCfg = Release|Any CPU
		{F48D1A71-4ABC-4A1F-857B-D0C6D4FF51DA}.Release|Any CPU.Build.0 = Release|Any CPU
	EndGlobalSection
	GlobalSection(SolutionProperties) = preSolution
		HideSolutionNode = FALSE
	EndGlobalSection
	GlobalSection(ExtensibilityGlobals) = postSolution
		SolutionGuid = {B29EA981-87D6-419F-834D-E4D82D88A94A}
	EndGlobalSection
EndGlobal
