
Microsoft Visual Studio Solution File, Format Version 12.00
# Visual Studio Version 16
VisualStudioVersion = 16.0.30907.101
MinimumVisualStudioVersion = 10.0.40219.1
Project("{FAE04EC0-301F-11D3-BF4B-00C04F79EFBC}") = "Game-app_phase3", "Game-app_phase3\Game-app_phase3.csproj", "{74570104-714B-4AFE-8906-980316C144AF}"
EndProject
Global
	GlobalSection(SolutionConfigurationPlatforms) = preSolution
		Debug|Any CPU = Debug|Any CPU
		Release|Any CPU = Release|Any CPU
	EndGlobalSection
	GlobalSection(ProjectConfigurationPlatforms) = postSolution
		{74570104-714B-4AFE-8906-980316C144AF}.Debug|Any CPU.ActiveCfg = Debug|Any CPU
		{74570104-714B-4AFE-8906-980316C144AF}.Debug|Any CPU.Build.0 = Debug|Any CPU
		{74570104-714B-4AFE-8906-980316C144AF}.Release|Any CPU.ActiveCfg = Release|Any CPU
		{74570104-714B-4AFE-8906-980316C144AF}.Release|Any CPU.Build.0 = Release|Any CPU
	EndGlobalSection
	GlobalSection(SolutionProperties) = preSolution
		HideSolutionNode = FALSE
	EndGlobalSection
	GlobalSection(ExtensibilityGlobals) = postSolution
		SolutionGuid = {70FB4B4C-FE0C-474B-80DD-BBDF4974A389}
	EndGlobalSection
EndGlobal
