
Microsoft Visual Studio Solution File, Format Version 12.00
# Visual Studio Version 16
VisualStudioVersion = 16.0.31005.135
MinimumVisualStudioVersion = 10.0.40219.1
Project("{FAE04EC0-301F-11D3-BF4B-00C04F79EFBC}") = "Dictionary-app", "Dictionary-app\Dictionary-app.csproj", "{5ED21F38-FB5A-4DAD-826B-B17BB6806310}"
EndProject
Global
	GlobalSection(SolutionConfigurationPlatforms) = preSolution
		Debug|Any CPU = Debug|Any CPU
		Release|Any CPU = Release|Any CPU
	EndGlobalSection
	GlobalSection(ProjectConfigurationPlatforms) = postSolution
		{5ED21F38-FB5A-4DAD-826B-B17BB6806310}.Debug|Any CPU.ActiveCfg = Debug|Any CPU
		{5ED21F38-FB5A-4DAD-826B-B17BB6806310}.Debug|Any CPU.Build.0 = Debug|Any CPU
		{5ED21F38-FB5A-4DAD-826B-B17BB6806310}.Release|Any CPU.ActiveCfg = Release|Any CPU
		{5ED21F38-FB5A-4DAD-826B-B17BB6806310}.Release|Any CPU.Build.0 = Release|Any CPU
	EndGlobalSection
	GlobalSection(SolutionProperties) = preSolution
		HideSolutionNode = FALSE
	EndGlobalSection
	GlobalSection(ExtensibilityGlobals) = postSolution
		SolutionGuid = {D680EA1C-E138-44FF-BE27-C4809AE4F1CA}
	EndGlobalSection
EndGlobal
