
Microsoft Visual Studio Solution File, Format Version 12.00
# Visual Studio Version 16
VisualStudioVersion = 16.0.31005.135
MinimumVisualStudioVersion = 10.0.40219.1
Project("{FAE04EC0-301F-11D3-BF4B-00C04F79EFBC}") = "GenericCollection-app", "GenericCollection-app\GenericCollection-app.csproj", "{0B7925EE-4486-458B-B46E-04F844AB012B}"
EndProject
Global
	GlobalSection(SolutionConfigurationPlatforms) = preSolution
		Debug|Any CPU = Debug|Any CPU
		Release|Any CPU = Release|Any CPU
	EndGlobalSection
	GlobalSection(ProjectConfigurationPlatforms) = postSolution
		{0B7925EE-4486-458B-B46E-04F844AB012B}.Debug|Any CPU.ActiveCfg = Debug|Any CPU
		{0B7925EE-4486-458B-B46E-04F844AB012B}.Debug|Any CPU.Build.0 = Debug|Any CPU
		{0B7925EE-4486-458B-B46E-04F844AB012B}.Release|Any CPU.ActiveCfg = Release|Any CPU
		{0B7925EE-4486-458B-B46E-04F844AB012B}.Release|Any CPU.Build.0 = Release|Any CPU
	EndGlobalSection
	GlobalSection(SolutionProperties) = preSolution
		HideSolutionNode = FALSE
	EndGlobalSection
	GlobalSection(ExtensibilityGlobals) = postSolution
		SolutionGuid = {C8CF954C-8F7A-4A9D-AB40-13FD0601F9C6}
	EndGlobalSection
EndGlobal
