
Microsoft Visual Studio Solution File, Format Version 12.00
# Visual Studio Version 16
VisualStudioVersion = 16.0.30907.101
MinimumVisualStudioVersion = 10.0.40219.1
Project("{FAE04EC0-301F-11D3-BF4B-00C04F79EFBC}") = "Employee-app", "Employee-app\Employee-app.csproj", "{71954F2C-5D73-4092-9A01-B1BC42558864}"
EndProject
Global
	GlobalSection(SolutionConfigurationPlatforms) = preSolution
		Debug|Any CPU = Debug|Any CPU
		Release|Any CPU = Release|Any CPU
	EndGlobalSection
	GlobalSection(ProjectConfigurationPlatforms) = postSolution
		{71954F2C-5D73-4092-9A01-B1BC42558864}.Debug|Any CPU.ActiveCfg = Debug|Any CPU
		{71954F2C-5D73-4092-9A01-B1BC42558864}.Debug|Any CPU.Build.0 = Debug|Any CPU
		{71954F2C-5D73-4092-9A01-B1BC42558864}.Release|Any CPU.ActiveCfg = Release|Any CPU
		{71954F2C-5D73-4092-9A01-B1BC42558864}.Release|Any CPU.Build.0 = Release|Any CPU
	EndGlobalSection
	GlobalSection(SolutionProperties) = preSolution
		HideSolutionNode = FALSE
	EndGlobalSection
	GlobalSection(ExtensibilityGlobals) = postSolution
		SolutionGuid = {66F229C2-42B5-48F6-B67E-B393F089ED77}
	EndGlobalSection
EndGlobal
