
Microsoft Visual Studio Solution File, Format Version 12.00
# Visual Studio Version 16
VisualStudioVersion = 16.0.31005.135
MinimumVisualStudioVersion = 10.0.40219.1
Project("{FAE04EC0-301F-11D3-BF4B-00C04F79EFBC}") = "SRP_solution-app", "SRP_solution-app\SRP_solution-app.csproj", "{9F31A5A1-4A40-4067-9545-05412C99A009}"
EndProject
Global
	GlobalSection(SolutionConfigurationPlatforms) = preSolution
		Debug|Any CPU = Debug|Any CPU
		Release|Any CPU = Release|Any CPU
	EndGlobalSection
	GlobalSection(ProjectConfigurationPlatforms) = postSolution
		{9F31A5A1-4A40-4067-9545-05412C99A009}.Debug|Any CPU.ActiveCfg = Debug|Any CPU
		{9F31A5A1-4A40-4067-9545-05412C99A009}.Debug|Any CPU.Build.0 = Debug|Any CPU
		{9F31A5A1-4A40-4067-9545-05412C99A009}.Release|Any CPU.ActiveCfg = Release|Any CPU
		{9F31A5A1-4A40-4067-9545-05412C99A009}.Release|Any CPU.Build.0 = Release|Any CPU
	EndGlobalSection
	GlobalSection(SolutionProperties) = preSolution
		HideSolutionNode = FALSE
	EndGlobalSection
	GlobalSection(ExtensibilityGlobals) = postSolution
		SolutionGuid = {7766FFB6-8EDF-47F2-A1D5-C97127FCD0EB}
	EndGlobalSection
EndGlobal
