
Microsoft Visual Studio Solution File, Format Version 12.00
# Visual Studio Version 16
VisualStudioVersion = 16.0.30907.101
MinimumVisualStudioVersion = 10.0.40219.1
Project("{FAE04EC0-301F-11D3-BF4B-00C04F79EFBC}") = "Chapter_2_1", "Chapter_2_1\Chapter_2_1.csproj", "{6C0C2887-6AFE-40C4-8938-4F41D366F89A}"
EndProject
Global
	GlobalSection(SolutionConfigurationPlatforms) = preSolution
		Debug|Any CPU = Debug|Any CPU
		Release|Any CPU = Release|Any CPU
	EndGlobalSection
	GlobalSection(ProjectConfigurationPlatforms) = postSolution
		{6C0C2887-6AFE-40C4-8938-4F41D366F89A}.Debug|Any CPU.ActiveCfg = Debug|Any CPU
		{6C0C2887-6AFE-40C4-8938-4F41D366F89A}.Debug|Any CPU.Build.0 = Debug|Any CPU
		{6C0C2887-6AFE-40C4-8938-4F41D366F89A}.Release|Any CPU.ActiveCfg = Release|Any CPU
		{6C0C2887-6AFE-40C4-8938-4F41D366F89A}.Release|Any CPU.Build.0 = Release|Any CPU
	EndGlobalSection
	GlobalSection(SolutionProperties) = preSolution
		HideSolutionNode = FALSE
	EndGlobalSection
	GlobalSection(ExtensibilityGlobals) = postSolution
		SolutionGuid = {67FD41F9-58B5-4584-ABF9-C8F5E072153B}
	EndGlobalSection
EndGlobal
