
Microsoft Visual Studio Solution File, Format Version 12.00
# Visual Studio Version 16
VisualStudioVersion = 16.0.30907.101
MinimumVisualStudioVersion = 10.0.40219.1
Project("{FAE04EC0-301F-11D3-BF4B-00C04F79EFBC}") = "Chapter_1_1", "Chapter_1_1\Chapter_1_1.csproj", "{B8764320-63E7-4BD9-9BFD-7CE81F945723}"
EndProject
Global
	GlobalSection(SolutionConfigurationPlatforms) = preSolution
		Debug|Any CPU = Debug|Any CPU
		Release|Any CPU = Release|Any CPU
	EndGlobalSection
	GlobalSection(ProjectConfigurationPlatforms) = postSolution
		{B8764320-63E7-4BD9-9BFD-7CE81F945723}.Debug|Any CPU.ActiveCfg = Debug|Any CPU
		{B8764320-63E7-4BD9-9BFD-7CE81F945723}.Debug|Any CPU.Build.0 = Debug|Any CPU
		{B8764320-63E7-4BD9-9BFD-7CE81F945723}.Release|Any CPU.ActiveCfg = Release|Any CPU
		{B8764320-63E7-4BD9-9BFD-7CE81F945723}.Release|Any CPU.Build.0 = Release|Any CPU
	EndGlobalSection
	GlobalSection(SolutionProperties) = preSolution
		HideSolutionNode = FALSE
	EndGlobalSection
	GlobalSection(ExtensibilityGlobals) = postSolution
		SolutionGuid = {802DE239-5635-4588-B1DF-3C66F1849E28}
	EndGlobalSection
EndGlobal
