
Microsoft Visual Studio Solution File, Format Version 12.00
# Visual Studio Version 16
VisualStudioVersion = 16.0.31005.135
MinimumVisualStudioVersion = 10.0.40219.1
Project("{FAE04EC0-301F-11D3-BF4B-00C04F79EFBC}") = "Hashset-app", "Hashset-app\Hashset-app.csproj", "{F24BB873-A65D-4C71-99D1-93E2A045402C}"
EndProject
Global
	GlobalSection(SolutionConfigurationPlatforms) = preSolution
		Debug|Any CPU = Debug|Any CPU
		Release|Any CPU = Release|Any CPU
	EndGlobalSection
	GlobalSection(ProjectConfigurationPlatforms) = postSolution
		{F24BB873-A65D-4C71-99D1-93E2A045402C}.Debug|Any CPU.ActiveCfg = Debug|Any CPU
		{F24BB873-A65D-4C71-99D1-93E2A045402C}.Debug|Any CPU.Build.0 = Debug|Any CPU
		{F24BB873-A65D-4C71-99D1-93E2A045402C}.Release|Any CPU.ActiveCfg = Release|Any CPU
		{F24BB873-A65D-4C71-99D1-93E2A045402C}.Release|Any CPU.Build.0 = Release|Any CPU
	EndGlobalSection
	GlobalSection(SolutionProperties) = preSolution
		HideSolutionNode = FALSE
	EndGlobalSection
	GlobalSection(ExtensibilityGlobals) = postSolution
		SolutionGuid = {65EC9D35-30F0-4FF2-A29F-F4967110F5E9}
	EndGlobalSection
EndGlobal
