
Microsoft Visual Studio Solution File, Format Version 12.00
# Visual Studio Version 16
VisualStudioVersion = 16.0.31105.61
MinimumVisualStudioVersion = 10.0.40219.1
Project("{FAE04EC0-301F-11D3-BF4B-00C04F79EFBC}") = "loginDemo1-app", "loginDemo1-app\loginDemo1-app.csproj", "{E9B9D53A-08BA-479D-804D-B648F7B032E3}"
EndProject
Global
	GlobalSection(SolutionConfigurationPlatforms) = preSolution
		Debug|Any CPU = Debug|Any CPU
		Release|Any CPU = Release|Any CPU
	EndGlobalSection
	GlobalSection(ProjectConfigurationPlatforms) = postSolution
		{E9B9D53A-08BA-479D-804D-B648F7B032E3}.Debug|Any CPU.ActiveCfg = Debug|Any CPU
		{E9B9D53A-08BA-479D-804D-B648F7B032E3}.Debug|Any CPU.Build.0 = Debug|Any CPU
		{E9B9D53A-08BA-479D-804D-B648F7B032E3}.Release|Any CPU.ActiveCfg = Release|Any CPU
		{E9B9D53A-08BA-479D-804D-B648F7B032E3}.Release|Any CPU.Build.0 = Release|Any CPU
	EndGlobalSection
	GlobalSection(SolutionProperties) = preSolution
		HideSolutionNode = FALSE
	EndGlobalSection
	GlobalSection(ExtensibilityGlobals) = postSolution
		SolutionGuid = {C7C232F2-C5BE-4AAC-AEF7-115E161DC7E9}
	EndGlobalSection
EndGlobal
