
Microsoft Visual Studio Solution File, Format Version 12.00
# Visual Studio Version 16
VisualStudioVersion = 16.0.31105.61
MinimumVisualStudioVersion = 10.0.40219.1
Project("{FAE04EC0-301F-11D3-BF4B-00C04F79EFBC}") = "PreparedStatement-app", "PreparedStatement-app\PreparedStatement-app.csproj", "{CCE00619-0535-4164-87DF-70A8F431392A}"
EndProject
Global
	GlobalSection(SolutionConfigurationPlatforms) = preSolution
		Debug|Any CPU = Debug|Any CPU
		Release|Any CPU = Release|Any CPU
	EndGlobalSection
	GlobalSection(ProjectConfigurationPlatforms) = postSolution
		{CCE00619-0535-4164-87DF-70A8F431392A}.Debug|Any CPU.ActiveCfg = Debug|Any CPU
		{CCE00619-0535-4164-87DF-70A8F431392A}.Debug|Any CPU.Build.0 = Debug|Any CPU
		{CCE00619-0535-4164-87DF-70A8F431392A}.Release|Any CPU.ActiveCfg = Release|Any CPU
		{CCE00619-0535-4164-87DF-70A8F431392A}.Release|Any CPU.Build.0 = Release|Any CPU
	EndGlobalSection
	GlobalSection(SolutionProperties) = preSolution
		HideSolutionNode = FALSE
	EndGlobalSection
	GlobalSection(ExtensibilityGlobals) = postSolution
		SolutionGuid = {5DEFCE0E-979E-4862-BF72-B416FC10A8AF}
	EndGlobalSection
EndGlobal
