
Microsoft Visual Studio Solution File, Format Version 12.00
# Visual Studio Version 16
VisualStudioVersion = 16.0.31019.35
MinimumVisualStudioVersion = 10.0.40219.1
Project("{FAE04EC0-301F-11D3-BF4B-00C04F79EFBC}") = "FactoryPattern-app", "FactoryPattern-app\FactoryPattern-app.csproj", "{689C644C-9BA9-4321-92D4-D217813E5E04}"
EndProject
Global
	GlobalSection(SolutionConfigurationPlatforms) = preSolution
		Debug|Any CPU = Debug|Any CPU
		Release|Any CPU = Release|Any CPU
	EndGlobalSection
	GlobalSection(ProjectConfigurationPlatforms) = postSolution
		{689C644C-9BA9-4321-92D4-D217813E5E04}.Debug|Any CPU.ActiveCfg = Debug|Any CPU
		{689C644C-9BA9-4321-92D4-D217813E5E04}.Debug|Any CPU.Build.0 = Debug|Any CPU
		{689C644C-9BA9-4321-92D4-D217813E5E04}.Release|Any CPU.ActiveCfg = Release|Any CPU
		{689C644C-9BA9-4321-92D4-D217813E5E04}.Release|Any CPU.Build.0 = Release|Any CPU
	EndGlobalSection
	GlobalSection(SolutionProperties) = preSolution
		HideSolutionNode = FALSE
	EndGlobalSection
	GlobalSection(ExtensibilityGlobals) = postSolution
		SolutionGuid = {F4C01CB0-DC02-4A53-8C74-BC45A68B0F2D}
	EndGlobalSection
EndGlobal
