
Microsoft Visual Studio Solution File, Format Version 12.00
# Visual Studio Version 16
VisualStudioVersion = 16.0.30907.101
MinimumVisualStudioVersion = 10.0.40219.1
Project("{FAE04EC0-301F-11D3-BF4B-00C04F79EFBC}") = "Reflection-app", "Reflection-app\Reflection-app.csproj", "{D94303A8-629F-4544-9F38-0A1F53D1C01D}"
EndProject
Global
	GlobalSection(SolutionConfigurationPlatforms) = preSolution
		Debug|Any CPU = Debug|Any CPU
		Release|Any CPU = Release|Any CPU
	EndGlobalSection
	GlobalSection(ProjectConfigurationPlatforms) = postSolution
		{D94303A8-629F-4544-9F38-0A1F53D1C01D}.Debug|Any CPU.ActiveCfg = Debug|Any CPU
		{D94303A8-629F-4544-9F38-0A1F53D1C01D}.Debug|Any CPU.Build.0 = Debug|Any CPU
		{D94303A8-629F-4544-9F38-0A1F53D1C01D}.Release|Any CPU.ActiveCfg = Release|Any CPU
		{D94303A8-629F-4544-9F38-0A1F53D1C01D}.Release|Any CPU.Build.0 = Release|Any CPU
	EndGlobalSection
	GlobalSection(SolutionProperties) = preSolution
		HideSolutionNode = FALSE
	EndGlobalSection
	GlobalSection(ExtensibilityGlobals) = postSolution
		SolutionGuid = {690A853A-41B8-4A0E-B849-509A30BD1D47}
	EndGlobalSection
EndGlobal
