
Microsoft Visual Studio Solution File, Format Version 12.00
# Visual Studio Version 16
VisualStudioVersion = 16.0.31105.61
MinimumVisualStudioVersion = 10.0.40219.1
Project("{FAE04EC0-301F-11D3-BF4B-00C04F79EFBC}") = "MasterPageMVC-app", "MasterPageMVC-app\MasterPageMVC-app.csproj", "{B8B2F709-8195-4556-97E8-67182F02C6C5}"
EndProject
Global
	GlobalSection(SolutionConfigurationPlatforms) = preSolution
		Debug|Any CPU = Debug|Any CPU
		Release|Any CPU = Release|Any CPU
	EndGlobalSection
	GlobalSection(ProjectConfigurationPlatforms) = postSolution
		{B8B2F709-8195-4556-97E8-67182F02C6C5}.Debug|Any CPU.ActiveCfg = Debug|Any CPU
		{B8B2F709-8195-4556-97E8-67182F02C6C5}.Debug|Any CPU.Build.0 = Debug|Any CPU
		{B8B2F709-8195-4556-97E8-67182F02C6C5}.Release|Any CPU.ActiveCfg = Release|Any CPU
		{B8B2F709-8195-4556-97E8-67182F02C6C5}.Release|Any CPU.Build.0 = Release|Any CPU
	EndGlobalSection
	GlobalSection(SolutionProperties) = preSolution
		HideSolutionNode = FALSE
	EndGlobalSection
	GlobalSection(ExtensibilityGlobals) = postSolution
		SolutionGuid = {EEF3B9C7-5736-4AC1-85F6-CB230E9FC344}
	EndGlobalSection
EndGlobal
