
Microsoft Visual Studio Solution File, Format Version 12.00
# Visual Studio Version 16
VisualStudioVersion = 16.0.30907.101
MinimumVisualStudioVersion = 10.0.40219.1
Project("{FAE04EC0-301F-11D3-BF4B-00C04F79EFBC}") = "FileHandling-app", "FileHandling-app\FileHandling-app.csproj", "{3699962A-AF44-44E7-B308-D61C2FED0576}"
EndProject
Global
	GlobalSection(SolutionConfigurationPlatforms) = preSolution
		Debug|Any CPU = Debug|Any CPU
		Release|Any CPU = Release|Any CPU
	EndGlobalSection
	GlobalSection(ProjectConfigurationPlatforms) = postSolution
		{3699962A-AF44-44E7-B308-D61C2FED0576}.Debug|Any CPU.ActiveCfg = Debug|Any CPU
		{3699962A-AF44-44E7-B308-D61C2FED0576}.Debug|Any CPU.Build.0 = Debug|Any CPU
		{3699962A-AF44-44E7-B308-D61C2FED0576}.Release|Any CPU.ActiveCfg = Release|Any CPU
		{3699962A-AF44-44E7-B308-D61C2FED0576}.Release|Any CPU.Build.0 = Release|Any CPU
	EndGlobalSection
	GlobalSection(SolutionProperties) = preSolution
		HideSolutionNode = FALSE
	EndGlobalSection
	GlobalSection(ExtensibilityGlobals) = postSolution
		SolutionGuid = {41DDD429-B72A-4C3A-AD0A-C03BE276C720}
	EndGlobalSection
EndGlobal
