
Microsoft Visual Studio Solution File, Format Version 12.00
# Visual Studio Version 16
VisualStudioVersion = 16.0.30907.101
MinimumVisualStudioVersion = 10.0.40219.1
Project("{FAE04EC0-301F-11D3-BF4B-00C04F79EFBC}") = "duplicate", "duplicate\duplicate.csproj", "{FD781D0B-36BD-4B58-B181-A5CA5DC73BC1}"
EndProject
Global
	GlobalSection(SolutionConfigurationPlatforms) = preSolution
		Debug|Any CPU = Debug|Any CPU
		Release|Any CPU = Release|Any CPU
	EndGlobalSection
	GlobalSection(ProjectConfigurationPlatforms) = postSolution
		{FD781D0B-36BD-4B58-B181-A5CA5DC73BC1}.Debug|Any CPU.ActiveCfg = Debug|Any CPU
		{FD781D0B-36BD-4B58-B181-A5CA5DC73BC1}.Debug|Any CPU.Build.0 = Debug|Any CPU
		{FD781D0B-36BD-4B58-B181-A5CA5DC73BC1}.Release|Any CPU.ActiveCfg = Release|Any CPU
		{FD781D0B-36BD-4B58-B181-A5CA5DC73BC1}.Release|Any CPU.Build.0 = Release|Any CPU
	EndGlobalSection
	GlobalSection(SolutionProperties) = preSolution
		HideSolutionNode = FALSE
	EndGlobalSection
	GlobalSection(ExtensibilityGlobals) = postSolution
		SolutionGuid = {1B761E70-8BBC-4C5A-BDD3-7BB7E8CF85CD}
	EndGlobalSection
EndGlobal
