
Microsoft Visual Studio Solution File, Format Version 12.00
# Visual Studio Version 16
VisualStudioVersion = 16.0.31005.135
MinimumVisualStudioVersion = 10.0.40219.1
Project("{FAE04EC0-301F-11D3-BF4B-00C04F79EFBC}") = "OCP_violation-app", "OCP_violation-app\OCP_violation-app.csproj", "{F2592F2E-8108-4ECC-9D5F-62B4A6C2BBFB}"
EndProject
Global
	GlobalSection(SolutionConfigurationPlatforms) = preSolution
		Debug|Any CPU = Debug|Any CPU
		Release|Any CPU = Release|Any CPU
	EndGlobalSection
	GlobalSection(ProjectConfigurationPlatforms) = postSolution
		{F2592F2E-8108-4ECC-9D5F-62B4A6C2BBFB}.Debug|Any CPU.ActiveCfg = Debug|Any CPU
		{F2592F2E-8108-4ECC-9D5F-62B4A6C2BBFB}.Debug|Any CPU.Build.0 = Debug|Any CPU
		{F2592F2E-8108-4ECC-9D5F-62B4A6C2BBFB}.Release|Any CPU.ActiveCfg = Release|Any CPU
		{F2592F2E-8108-4ECC-9D5F-62B4A6C2BBFB}.Release|Any CPU.Build.0 = Release|Any CPU
	EndGlobalSection
	GlobalSection(SolutionProperties) = preSolution
		HideSolutionNode = FALSE
	EndGlobalSection
	GlobalSection(ExtensibilityGlobals) = postSolution
		SolutionGuid = {839458CB-3FF7-4A59-BD4A-9CAC70DD7D62}
	EndGlobalSection
EndGlobal
