
Microsoft Visual Studio Solution File, Format Version 12.00
# Visual Studio Version 16
VisualStudioVersion = 16.0.30907.101
MinimumVisualStudioVersion = 10.0.40219.1
Project("{FAE04EC0-301F-11D3-BF4B-00C04F79EFBC}") = "Circle-app", "Circle-app\Circle-app.csproj", "{F5F7728C-4CBA-45C6-B73B-18722776C4B0}"
EndProject
Global
	GlobalSection(SolutionConfigurationPlatforms) = preSolution
		Debug|Any CPU = Debug|Any CPU
		Release|Any CPU = Release|Any CPU
	EndGlobalSection
	GlobalSection(ProjectConfigurationPlatforms) = postSolution
		{F5F7728C-4CBA-45C6-B73B-18722776C4B0}.Debug|Any CPU.ActiveCfg = Debug|Any CPU
		{F5F7728C-4CBA-45C6-B73B-18722776C4B0}.Debug|Any CPU.Build.0 = Debug|Any CPU
		{F5F7728C-4CBA-45C6-B73B-18722776C4B0}.Release|Any CPU.ActiveCfg = Release|Any CPU
		{F5F7728C-4CBA-45C6-B73B-18722776C4B0}.Release|Any CPU.Build.0 = Release|Any CPU
	EndGlobalSection
	GlobalSection(SolutionProperties) = preSolution
		HideSolutionNode = FALSE
	EndGlobalSection
	GlobalSection(ExtensibilityGlobals) = postSolution
		SolutionGuid = {06EAD7A0-6590-4D8D-89BC-3015FD57545E}
	EndGlobalSection
EndGlobal
