
Microsoft Visual Studio Solution File, Format Version 12.00
# Visual Studio Version 16
VisualStudioVersion = 16.0.31019.35
MinimumVisualStudioVersion = 10.0.40219.1
Project("{FAE04EC0-301F-11D3-BF4B-00C04F79EFBC}") = "ISP_solution-app", "ISP_solution-app\ISP_solution-app.csproj", "{7BDA432C-C891-4C13-9551-6F4741A431D9}"
EndProject
Global
	GlobalSection(SolutionConfigurationPlatforms) = preSolution
		Debug|Any CPU = Debug|Any CPU
		Release|Any CPU = Release|Any CPU
	EndGlobalSection
	GlobalSection(ProjectConfigurationPlatforms) = postSolution
		{7BDA432C-C891-4C13-9551-6F4741A431D9}.Debug|Any CPU.ActiveCfg = Debug|Any CPU
		{7BDA432C-C891-4C13-9551-6F4741A431D9}.Debug|Any CPU.Build.0 = Debug|Any CPU
		{7BDA432C-C891-4C13-9551-6F4741A431D9}.Release|Any CPU.ActiveCfg = Release|Any CPU
		{7BDA432C-C891-4C13-9551-6F4741A431D9}.Release|Any CPU.Build.0 = Release|Any CPU
	EndGlobalSection
	GlobalSection(SolutionProperties) = preSolution
		HideSolutionNode = FALSE
	EndGlobalSection
	GlobalSection(ExtensibilityGlobals) = postSolution
		SolutionGuid = {18B76F71-E309-4172-9737-8473A5F83E2C}
	EndGlobalSection
EndGlobal
