
Microsoft Visual Studio Solution File, Format Version 12.00
# Visual Studio Version 16
VisualStudioVersion = 16.0.31019.35
MinimumVisualStudioVersion = 10.0.40219.1
Project("{FAE04EC0-301F-11D3-BF4B-00C04F79EFBC}") = "HtmlComposite-app", "HtmlComposite-app\HtmlComposite-app.csproj", "{E3BAD678-8C44-4CA4-B0B7-C5BD74709E5C}"
EndProject
Global
	GlobalSection(SolutionConfigurationPlatforms) = preSolution
		Debug|Any CPU = Debug|Any CPU
		Release|Any CPU = Release|Any CPU
	EndGlobalSection
	GlobalSection(ProjectConfigurationPlatforms) = postSolution
		{E3BAD678-8C44-4CA4-B0B7-C5BD74709E5C}.Debug|Any CPU.ActiveCfg = Debug|Any CPU
		{E3BAD678-8C44-4CA4-B0B7-C5BD74709E5C}.Debug|Any CPU.Build.0 = Debug|Any CPU
		{E3BAD678-8C44-4CA4-B0B7-C5BD74709E5C}.Release|Any CPU.ActiveCfg = Release|Any CPU
		{E3BAD678-8C44-4CA4-B0B7-C5BD74709E5C}.Release|Any CPU.Build.0 = Release|Any CPU
	EndGlobalSection
	GlobalSection(SolutionProperties) = preSolution
		HideSolutionNode = FALSE
	EndGlobalSection
	GlobalSection(ExtensibilityGlobals) = postSolution
		SolutionGuid = {ADF36E41-55B0-414F-9F1D-3F8AB4597161}
	EndGlobalSection
EndGlobal
