
Microsoft Visual Studio Solution File, Format Version 12.00
# Visual Studio Version 16
VisualStudioVersion = 16.0.30907.101
MinimumVisualStudioVersion = 10.0.40219.1
Project("{FAE04EC0-301F-11D3-BF4B-00C04F79EFBC}") = "iMovable-app", "iMovable-app\iMovable-app.csproj", "{0A11A68F-1294-4C35-8209-571C48E8C913}"
EndProject
Global
	GlobalSection(SolutionConfigurationPlatforms) = preSolution
		Debug|Any CPU = Debug|Any CPU
		Release|Any CPU = Release|Any CPU
	EndGlobalSection
	GlobalSection(ProjectConfigurationPlatforms) = postSolution
		{0A11A68F-1294-4C35-8209-571C48E8C913}.Debug|Any CPU.ActiveCfg = Debug|Any CPU
		{0A11A68F-1294-4C35-8209-571C48E8C913}.Debug|Any CPU.Build.0 = Debug|Any CPU
		{0A11A68F-1294-4C35-8209-571C48E8C913}.Release|Any CPU.ActiveCfg = Release|Any CPU
		{0A11A68F-1294-4C35-8209-571C48E8C913}.Release|Any CPU.Build.0 = Release|Any CPU
	EndGlobalSection
	GlobalSection(SolutionProperties) = preSolution
		HideSolutionNode = FALSE
	EndGlobalSection
	GlobalSection(ExtensibilityGlobals) = postSolution
		SolutionGuid = {2AC5CD87-F7CB-462F-8448-6FD75C377223}
	EndGlobalSection
EndGlobal
