
Microsoft Visual Studio Solution File, Format Version 12.00
# Visual Studio Version 16
VisualStudioVersion = 16.0.30907.101
MinimumVisualStudioVersion = 10.0.40219.1
Project("{FAE04EC0-301F-11D3-BF4B-00C04F79EFBC}") = "Game-app_phase1", "Game-app_phase1\Game-app_phase1.csproj", "{04D00C57-9370-4954-BB92-33DB91699B73}"
EndProject
Global
	GlobalSection(SolutionConfigurationPlatforms) = preSolution
		Debug|Any CPU = Debug|Any CPU
		Release|Any CPU = Release|Any CPU
	EndGlobalSection
	GlobalSection(ProjectConfigurationPlatforms) = postSolution
		{04D00C57-9370-4954-BB92-33DB91699B73}.Debug|Any CPU.ActiveCfg = Debug|Any CPU
		{04D00C57-9370-4954-BB92-33DB91699B73}.Debug|Any CPU.Build.0 = Debug|Any CPU
		{04D00C57-9370-4954-BB92-33DB91699B73}.Release|Any CPU.ActiveCfg = Release|Any CPU
		{04D00C57-9370-4954-BB92-33DB91699B73}.Release|Any CPU.Build.0 = Release|Any CPU
	EndGlobalSection
	GlobalSection(SolutionProperties) = preSolution
		HideSolutionNode = FALSE
	EndGlobalSection
	GlobalSection(ExtensibilityGlobals) = postSolution
		SolutionGuid = {69495815-F846-4CC6-8D86-5A9E90E59ADE}
	EndGlobalSection
EndGlobal
