
Microsoft Visual Studio Solution File, Format Version 12.00
# Visual Studio Version 16
VisualStudioVersion = 16.0.31105.61
MinimumVisualStudioVersion = 10.0.40219.1
Project("{FAE04EC0-301F-11D3-BF4B-00C04F79EFBC}") = "EmployeeDependencyInjection-app", "EmployeeDependencyInjection-app\EmployeeDependencyInjection-app.csproj", "{F85702D8-AD5C-4E70-B564-FA62A13D435E}"
EndProject
Global
	GlobalSection(SolutionConfigurationPlatforms) = preSolution
		Debug|Any CPU = Debug|Any CPU
		Release|Any CPU = Release|Any CPU
	EndGlobalSection
	GlobalSection(ProjectConfigurationPlatforms) = postSolution
		{F85702D8-AD5C-4E70-B564-FA62A13D435E}.Debug|Any CPU.ActiveCfg = Debug|Any CPU
		{F85702D8-AD5C-4E70-B564-FA62A13D435E}.Debug|Any CPU.Build.0 = Debug|Any CPU
		{F85702D8-AD5C-4E70-B564-FA62A13D435E}.Release|Any CPU.ActiveCfg = Release|Any CPU
		{F85702D8-AD5C-4E70-B564-FA62A13D435E}.Release|Any CPU.Build.0 = Release|Any CPU
	EndGlobalSection
	GlobalSection(SolutionProperties) = preSolution
		HideSolutionNode = FALSE
	EndGlobalSection
	GlobalSection(ExtensibilityGlobals) = postSolution
		SolutionGuid = {BBC40C35-EB33-418B-8800-642BBB36FF1F}
	EndGlobalSection
EndGlobal
