
Microsoft Visual Studio Solution File, Format Version 12.00
# Visual Studio Version 16
VisualStudioVersion = 16.0.30907.101
MinimumVisualStudioVersion = 10.0.40219.1
Project("{FAE04EC0-301F-11D3-BF4B-00C04F79EFBC}") = "max", "max\max.csproj", "{9F002815-4F20-433B-8D94-2A6DB350C998}"
EndProject
Global
	GlobalSection(SolutionConfigurationPlatforms) = preSolution
		Debug|Any CPU = Debug|Any CPU
		Release|Any CPU = Release|Any CPU
	EndGlobalSection
	GlobalSection(ProjectConfigurationPlatforms) = postSolution
		{9F002815-4F20-433B-8D94-2A6DB350C998}.Debug|Any CPU.ActiveCfg = Debug|Any CPU
		{9F002815-4F20-433B-8D94-2A6DB350C998}.Debug|Any CPU.Build.0 = Debug|Any CPU
		{9F002815-4F20-433B-8D94-2A6DB350C998}.Release|Any CPU.ActiveCfg = Release|Any CPU
		{9F002815-4F20-433B-8D94-2A6DB350C998}.Release|Any CPU.Build.0 = Release|Any CPU
	EndGlobalSection
	GlobalSection(SolutionProperties) = preSolution
		HideSolutionNode = FALSE
	EndGlobalSection
	GlobalSection(ExtensibilityGlobals) = postSolution
		SolutionGuid = {9636CA12-4543-4462-91E4-FE6C8BEBA38C}
	EndGlobalSection
EndGlobal
