
Microsoft Visual Studio Solution File, Format Version 12.00
# Visual Studio Version 16
VisualStudioVersion = 16.0.30907.101
MinimumVisualStudioVersion = 10.0.40219.1
Project("{FAE04EC0-301F-11D3-BF4B-00C04F79EFBC}") = "polymorphism-app", "polymorphism-app\polymorphism-app.csproj", "{243AC49B-22DA-4BAB-9464-71AB2C615F20}"
EndProject
Global
	GlobalSection(SolutionConfigurationPlatforms) = preSolution
		Debug|Any CPU = Debug|Any CPU
		Release|Any CPU = Release|Any CPU
	EndGlobalSection
	GlobalSection(ProjectConfigurationPlatforms) = postSolution
		{243AC49B-22DA-4BAB-9464-71AB2C615F20}.Debug|Any CPU.ActiveCfg = Debug|Any CPU
		{243AC49B-22DA-4BAB-9464-71AB2C615F20}.Debug|Any CPU.Build.0 = Debug|Any CPU
		{243AC49B-22DA-4BAB-9464-71AB2C615F20}.Release|Any CPU.ActiveCfg = Release|Any CPU
		{243AC49B-22DA-4BAB-9464-71AB2C615F20}.Release|Any CPU.Build.0 = Release|Any CPU
	EndGlobalSection
	GlobalSection(SolutionProperties) = preSolution
		HideSolutionNode = FALSE
	EndGlobalSection
	GlobalSection(ExtensibilityGlobals) = postSolution
		SolutionGuid = {B27AA939-812D-4989-B3C5-597B72694E58}
	EndGlobalSection
EndGlobal
