
Microsoft Visual Studio Solution File, Format Version 12.00
# Visual Studio Version 16
VisualStudioVersion = 16.0.30907.101
MinimumVisualStudioVersion = 10.0.40219.1
Project("{FAE04EC0-301F-11D3-BF4B-00C04F79EFBC}") = "splitstring", "splitstring\splitstring.csproj", "{E43B2F7A-2951-4B7A-A74D-F0F63AB522C4}"
EndProject
Global
	GlobalSection(SolutionConfigurationPlatforms) = preSolution
		Debug|Any CPU = Debug|Any CPU
		Release|Any CPU = Release|Any CPU
	EndGlobalSection
	GlobalSection(ProjectConfigurationPlatforms) = postSolution
		{E43B2F7A-2951-4B7A-A74D-F0F63AB522C4}.Debug|Any CPU.ActiveCfg = Debug|Any CPU
		{E43B2F7A-2951-4B7A-A74D-F0F63AB522C4}.Debug|Any CPU.Build.0 = Debug|Any CPU
		{E43B2F7A-2951-4B7A-A74D-F0F63AB522C4}.Release|Any CPU.ActiveCfg = Release|Any CPU
		{E43B2F7A-2951-4B7A-A74D-F0F63AB522C4}.Release|Any CPU.Build.0 = Release|Any CPU
	EndGlobalSection
	GlobalSection(SolutionProperties) = preSolution
		HideSolutionNode = FALSE
	EndGlobalSection
	GlobalSection(ExtensibilityGlobals) = postSolution
		SolutionGuid = {C1979892-F623-4AF1-8DFD-4753D52A6EF1}
	EndGlobalSection
EndGlobal
